{
  "name": "functions",
  "version": "1.0.0",
  "lockfileVersion": 1,
  "requires": true,
  "dependencies": {
    "@azure/functions": {
      "version": "4.8.0",
      "resolved": "https://registry.npmjs.org/@azure/functions/-/functions-4.8.0.tgz",
      "integrity": "sha512-LNtl3xZNE40vE7+SIST+GYQX5cnnI1M65fXPi26l9XCdPakuQrz54lHv+qQQt1GG5JbqLfQk75iM7A6Y9O+2dQ==",
      "requires": {
        "cookie": "^0.7.0",
        "long": "^4.0.0",
        "undici": "^5.29.0"
      }
    },
    "@fastify/busboy": {
      "version": "2.1.1",
      "resolved": "https://registry.npmjs.org/@fastify/busboy/-/busboy-2.1.1.tgz",
      "integrity": "sha512-vBZP4NlzfOlerQTnba4aqZoMhE/a9HY7HRqoOPaETQcSQuWEIyZMHGfVu6w9wGtGK5fED5qRs2DteVCjOH60sA=="
    },
    "cookie": {
      "version": "0.7.2",
      "resolved": "https://registry.npmjs.org/cookie/-/cookie-0.7.2.tgz",
      "integrity": "sha512-yki5XnKuf750l50uGTllt6kKILY4nQ1eNIQatoXEByZ5dWgnKqbnqmTrBE5B4N7lrMJKQ2ytWMiTO2o0v6Ew/w=="
    },
    "long": {
      "version": "4.0.0",
      "resolved": "https://registry.npmjs.org/long/-/long-4.0.0.tgz",
      "integrity": "sha512-XsP+KhQif4bjX1kbuSiySJFNAehNxgLb6hPRGJ9QsUr8ajHkuXGdrHmFUTUUXhDwVX2R5bY4JNZEwbUiMhV+MA=="
    },
    "node-fetch": {
      "version": "2.6.7",
      "resolved": "https://registry.npmjs.org/node-fetch/-/node-fetch-2.6.7.tgz",
      "integrity": "sha512-Z0mq/1aA7AdZkziEtGlUZEM6I4vGU+mLjXmJvLCYOtJk9g6r5Ge0XEt3G5UpiRaY1oCbcnZ6+QcmGeX4rC/7VA==",
      "requires": {
        "whatwg-url": "^5.0.0"
      }
    },
    "undici": {
      "version": "5.29.0",
      "resolved": "https://registry.npmjs.org/undici/-/undici-5.29.0.tgz",
      "integrity": "sha512-raqeBD6NQK4SkWhQzeYKd1KmIG6dllBOTt55Rmkt4HtI9mwdWtJljnrXjAFUBLTSN67HWrOIZ3EPF4kjUw80Bg==",
      "requires": {
        "@fastify/busboy": "^2.0.0"
      }
    },
    "webidl-conversions": {
      "version": "3.0.1",
      "resolved": "https://registry.npmjs.org/webidl-conversions/-/webidl-conversions-3.0.1.tgz",
      "integrity": "sha512-2JAn3hS6t7sScY1l8phGgf0N1sH6N0E9wJtI3pQXv0INP6gY3Z2J1QMBK8Zp1d9N6r3FoZT3zh7TBTgJjWKY2w=="
    },
    "whatwg-url": {
      "version": "5.0.0",
      "resolved": "https://registry.npmjs.org/whatwg-url/-/whatwg-url-5.0.0.tgz",
      "integrity": "sha512-saCul4wXcAJJ5c5NyEJD7BqXc9E+u6KDAdAm8YGtS+wGGyRyvE4s46HoPazTA/gkGEXLMaLLq5LEFVKyYb9emA==",
      "requires": {
        "tr46": "~0.0.3",
        "webidl-conversions": "^3.0.0"
      }
    },
    "tr46": {
      "version": "0.0.3",
      "resolved": "https://registry.npmjs.org/tr46/-/tr46-0.0.3.tgz",
      "integrity": "sha512-hxjZQmH1sD3nB2S/bRMyCV2wE8p4nH3UX0YPDVu/COM24kTx5cDIeEJD7BqXc9E+u6KDAdAm8YGtS+wGGyRyvEw=="
    }
  }
}
